
Microsoft Visual Studio Solution File, Format Version 12.00
# Visual Studio Version 16
VisualStudioVersion = 16.0.31515.178
MinimumVisualStudioVersion = 10.0.40219.1
Project("{FAE04EC0-301F-11D3-BF4B-00C04F79EFBC}") = "GezginTurizm.Entities", "GezginTurizm.Entities\GezginTurizm.Entities.csproj", "{09B841BE-E633-4497-A483-9558F01BE265}"
EndProject
Project("{FAE04EC0-301F-11D3-BF4B-00C04F79EFBC}") = "GezginTurizm.DataAccess", "GezginTurizm.DataAccess\GezginTurizm.DataAccess.csproj", "{A7F71342-EB1B-4CFC-BEDA-00A928293AE1}"
EndProject
Project("{FAE04EC0-301F-11D3-BF4B-00C04F79EFBC}") = "GezginTurizm.Business", "GezginTurizm.Business\GezginTurizm.Business.csproj", "{787DA933-6E09-4B19-BCF9-3DD3D4CA96EF}"
EndProject
Project("{FAE04EC0-301F-11D3-BF4B-00C04F79EFBC}") = "GezginTurizm.WebUI", "GezginTurizm.WebUI\GezginTurizm.WebUI.csproj", "{FF436135-5BE9-4492-B1E3-E67F01AF9627}"
EndProject
Global
	GlobalSection(SolutionConfigurationPlatforms) = preSolution
		Debug|Any CPU = Debug|Any CPU
		Release|Any CPU = Release|Any CPU
	EndGlobalSection
	GlobalSection(ProjectConfigurationPlatforms) = postSolution
		{09B841BE-E633-4497-A483-9558F01BE265}.Debug|Any CPU.ActiveCfg = Debug|Any CPU
		{09B841BE-E633-4497-A483-9558F01BE265}.Debug|Any CPU.Build.0 = Debug|Any CPU
		{09B841BE-E633-4497-A483-9558F01BE265}.Release|Any CPU.ActiveCfg = Release|Any CPU
		{09B841BE-E633-4497-A483-9558F01BE265}.Release|Any CPU.Build.0 = Release|Any CPU
		{A7F71342-EB1B-4CFC-BEDA-00A928293AE1}.Debug|Any CPU.ActiveCfg = Debug|Any CPU
		{A7F71342-EB1B-4CFC-BEDA-00A928293AE1}.Debug|Any CPU.Build.0 = Debug|Any CPU
		{A7F71342-EB1B-4CFC-BEDA-00A928293AE1}.Release|Any CPU.ActiveCfg = Release|Any CPU
		{A7F71342-EB1B-4CFC-BEDA-00A928293AE1}.Release|Any CPU.Build.0 = Release|Any CPU
		{787DA933-6E09-4B19-BCF9-3DD3D4CA96EF}.Debug|Any CPU.ActiveCfg = Debug|Any CPU
		{787DA933-6E09-4B19-BCF9-3DD3D4CA96EF}.Debug|Any CPU.Build.0 = Debug|Any CPU
		{787DA933-6E09-4B19-BCF9-3DD3D4CA96EF}.Release|Any CPU.ActiveCfg = Release|Any CPU
		{787DA933-6E09-4B19-BCF9-3DD3D4CA96EF}.Release|Any CPU.Build.0 = Release|Any CPU
		{FF436135-5BE9-4492-B1E3-E67F01AF9627}.Debug|Any CPU.ActiveCfg = Debug|Any CPU
		{FF436135-5BE9-4492-B1E3-E67F01AF9627}.Debug|Any CPU.Build.0 = Debug|Any CPU
		{FF436135-5BE9-4492-B1E3-E67F01AF9627}.Release|Any CPU.ActiveCfg = Release|Any CPU
		{FF436135-5BE9-4492-B1E3-E67F01AF9627}.Release|Any CPU.Build.0 = Release|Any CPU
	EndGlobalSection
	GlobalSection(SolutionProperties) = preSolution
		HideSolutionNode = FALSE
	EndGlobalSection
	GlobalSection(ExtensibilityGlobals) = postSolution
		SolutionGuid = {39A0459B-85A1-4EFC-9D6A-397A90170CBB}
	EndGlobalSection
EndGlobal
